
Microsoft Visual Studio Solution File, Format Version 12.00
# Visual Studio Version 16
VisualStudioVersion = 16.0.30804.86
MinimumVisualStudioVersion = 10.0.40219.1
Project("{FAE04EC0-301F-11D3-BF4B-00C04F79EFBC}") = "MyDictionary", "MyDictionary\MyDictionary.csproj", "{D6752642-788C-4443-AEFF-24DC2E55C3DB}"
EndProject
Global
	GlobalSection(SolutionConfigurationPlatforms) = preSolution
		Debug|Any CPU = Debug|Any CPU
		Release|Any CPU = Release|Any CPU
	EndGlobalSection
	GlobalSection(ProjectConfigurationPlatforms) = postSolution
		{D6752642-788C-4443-AEFF-24DC2E55C3DB}.Debug|Any CPU.ActiveCfg = Debug|Any CPU
		{D6752642-788C-4443-AEFF-24DC2E55C3DB}.Debug|Any CPU.Build.0 = Debug|Any CPU
		{D6752642-788C-4443-AEFF-24DC2E55C3DB}.Release|Any CPU.ActiveCfg = Release|Any CPU
		{D6752642-788C-4443-AEFF-24DC2E55C3DB}.Release|Any CPU.Build.0 = Release|Any CPU
	EndGlobalSection
	GlobalSection(SolutionProperties) = preSolution
		HideSolutionNode = FALSE
	EndGlobalSection
	GlobalSection(ExtensibilityGlobals) = postSolution
		SolutionGuid = {E43CC4B1-E89E-4F4A-9D93-89A624C672ED}
	EndGlobalSection
EndGlobal
